
Microsoft Visual Studio Solution File, Format Version 12.00
# Visual Studio Version 17
VisualStudioVersion = 17.4.33205.214
MinimumVisualStudioVersion = 10.0.40219.1
Project("{FAE04EC0-301F-11D3-BF4B-00C04F79EFBC}") = "MyLogger", "MyLogger\MyLogger.csproj", "{E29741D7-690C-4592-9FC4-BFA805B594AD}"
EndProject
Global
	GlobalSection(SolutionConfigurationPlatforms) = preSolution
		Debug|Any CPU = Debug|Any CPU
		Release|Any CPU = Release|Any CPU
	EndGlobalSection
	GlobalSection(ProjectConfigurationPlatforms) = postSolution
		{E29741D7-690C-4592-9FC4-BFA805B594AD}.Debug|Any CPU.ActiveCfg = Debug|Any CPU
		{E29741D7-690C-4592-9FC4-BFA805B594AD}.Debug|Any CPU.Build.0 = Debug|Any CPU
		{E29741D7-690C-4592-9FC4-BFA805B594AD}.Release|Any CPU.ActiveCfg = Release|Any CPU
		{E29741D7-690C-4592-9FC4-BFA805B594AD}.Release|Any CPU.Build.0 = Release|Any CPU
	EndGlobalSection
	GlobalSection(SolutionProperties) = preSolution
		HideSolutionNode = FALSE
	EndGlobalSection
	GlobalSection(ExtensibilityGlobals) = postSolution
		SolutionGuid = {74CB90D7-601A-43A7-8367-446181C7F85A}
	EndGlobalSection
EndGlobal
